
Microsoft Visual Studio Solution File, Format Version 12.00
# Visual Studio Version 17
VisualStudioVersion = 17.9.34526.213
MinimumVisualStudioVersion = 10.0.40219.1
Project("{FAE04EC0-301F-11D3-BF4B-00C04F79EFBC}") = "Practic-test-Patterns", "Practic-test-Patterns.csproj", "{A014C9BB-612B-4ADD-8D71-D590D53E06D3}"
EndProject
Global
	GlobalSection(SolutionConfigurationPlatforms) = preSolution
		Debug|Any CPU = Debug|Any CPU
		Release|Any CPU = Release|Any CPU
	EndGlobalSection
	GlobalSection(ProjectConfigurationPlatforms) = postSolution
		{A014C9BB-612B-4ADD-8D71-D590D53E06D3}.Debug|Any CPU.ActiveCfg = Debug|Any CPU
		{A014C9BB-612B-4ADD-8D71-D590D53E06D3}.Debug|Any CPU.Build.0 = Debug|Any CPU
		{A014C9BB-612B-4ADD-8D71-D590D53E06D3}.Release|Any CPU.ActiveCfg = Release|Any CPU
		{A014C9BB-612B-4ADD-8D71-D590D53E06D3}.Release|Any CPU.Build.0 = Release|Any CPU
	EndGlobalSection
	GlobalSection(SolutionProperties) = preSolution
		HideSolutionNode = FALSE
	EndGlobalSection
	GlobalSection(ExtensibilityGlobals) = postSolution
		SolutionGuid = {2A7E73F5-6094-41D8-A6B6-DA0CE089C799}
	EndGlobalSection
EndGlobal
